// !$*UTF8*$!
{
	archiveVersion = 1;
	classes = {
	};
	objectVersion = 77;
	objects = {

/* Begin PBXContainerItemProxy section */
		FFA365252CFF1477007332C2 /* PBXContainerItemProxy */ = {
			isa = PBXContainerItemProxy;
			containerPortal = FFA3650C2CFF1475007332C2 /* Project object */;
			proxyType = 1;
			remoteGlobalIDString = FFA365132CFF1475007332C2;
			remoteInfo = neo_polis_widget;
		};
		FFA3652F2CFF1477007332C2 /* PBXContainerItemProxy */ = {
			isa = PBXContainerItemProxy;
			containerPortal = FFA3650C2CFF1475007332C2 /* Project object */;
			proxyType = 1;
			remoteGlobalIDString = FFA365132CFF1475007332C2;
			remoteInfo = neo_polis_widget;
		};
/* End PBXContainerItemProxy section */

/* Begin PBXCopyFilesBuildPhase section */
		FFA365602CFF148E007332C2 /* Embed Foundation Extensions */ = {
			isa = PBXCopyFilesBuildPhase;
			buildActionMask = 2147483647;
			dstPath = "";
			dstSubfolderSpec = 13;
			files = (
			);
			name = "Embed Foundation Extensions";
			runOnlyForDeploymentPostprocessing = 0;
		};
/* End PBXCopyFilesBuildPhase section */

/* Begin PBXFileReference section */
		FFA365142CFF1475007332C2 /* neo_polis_widget.app */ = {isa = PBXFileReference; explicitFileType = wrapper.application; includeInIndex = 0; path = neo_polis_widget.app; sourceTree = BUILT_PRODUCTS_DIR; };
		FFA365242CFF1477007332C2 /* neo_polis_widgetTests.xctest */ = {isa = PBXFileReference; explicitFileType = wrapper.cfbundle; includeInIndex = 0; path = neo_polis_widgetTests.xctest; sourceTree = BUILT_PRODUCTS_DIR; };
		FFA3652E2CFF1477007332C2 /* neo_polis_widgetUITests.xctest */ = {isa = PBXFileReference; explicitFileType = wrapper.cfbundle; includeInIndex = 0; path = neo_polis_widgetUITests.xctest; sourceTree = BUILT_PRODUCTS_DIR; };
		FFA365472CFF148D007332C2 /* WidgetKit.framework */ = {isa = PBXFileReference; lastKnownFileType = wrapper.framework; name = WidgetKit.framework; path = System/Library/Frameworks/WidgetKit.framework; sourceTree = SDKROOT; };
		FFA365492CFF148D007332C2 /* SwiftUI.framework */ = {isa = PBXFileReference; lastKnownFileType = wrapper.framework; name = SwiftUI.framework; path = System/Library/Frameworks/SwiftUI.framework; sourceTree = SDKROOT; };
/* End PBXFileReference section */

/* Begin PBXFileSystemSynchronizedRootGroup section */
		FFA365162CFF1475007332C2 /* neo_polis_widget */ = {
			isa = PBXFileSystemSynchronizedRootGroup;
			path = neo_polis_widget;
			sourceTree = "<group>";
		};
		FFA365272CFF1477007332C2 /* neo_polis_widgetTests */ = {
			isa = PBXFileSystemSynchronizedRootGroup;
			path = neo_polis_widgetTests;
			sourceTree = "<group>";
		};
		FFA365312CFF1477007332C2 /* neo_polis_widgetUITests */ = {
			isa = PBXFileSystemSynchronizedRootGroup;
			path = neo_polis_widgetUITests;
			sourceTree = "<group>";
		};
/* End PBXFileSystemSynchronizedRootGroup section */

/* Begin PBXFrameworksBuildPhase section */
		FFA365112CFF1475007332C2 /* Frameworks */ = {
			isa = PBXFrameworksBuildPhase;
			buildActionMask = 2147483647;
			files = (
			);
			runOnlyForDeploymentPostprocessing = 0;
		};
		FFA365212CFF1477007332C2 /* Frameworks */ = {
			isa = PBXFrameworksBuildPhase;
			buildActionMask = 2147483647;
			files = (
			);
			runOnlyForDeploymentPostprocessing = 0;
		};
		FFA3652B2CFF1477007332C2 /* Frameworks */ = {
			isa = PBXFrameworksBuildPhase;
			buildActionMask = 2147483647;
			files = (
			);
			runOnlyForDeploymentPostprocessing = 0;
		};
/* End PBXFrameworksBuildPhase section */

/* Begin PBXGroup section */
		FFA3650B2CFF1475007332C2 = {
			isa = PBXGroup;
			children = (
				FFA365162CFF1475007332C2 /* neo_polis_widget */,
				FFA365272CFF1477007332C2 /* neo_polis_widgetTests */,
				FFA365312CFF1477007332C2 /* neo_polis_widgetUITests */,
				FFA365462CFF148D007332C2 /* Frameworks */,
				FFA365152CFF1475007332C2 /* Products */,
			);
			sourceTree = "<group>";
		};
		FFA365152CFF1475007332C2 /* Products */ = {
			isa = PBXGroup;
			children = (
				FFA365142CFF1475007332C2 /* neo_polis_widget.app */,
				FFA365242CFF1477007332C2 /* neo_polis_widgetTests.xctest */,
				FFA3652E2CFF1477007332C2 /* neo_polis_widgetUITests.xctest */,
			);
			name = Products;
			sourceTree = "<group>";
		};
		FFA365462CFF148D007332C2 /* Frameworks */ = {
			isa = PBXGroup;
			children = (
				FFA365472CFF148D007332C2 /* WidgetKit.framework */,
				FFA365492CFF148D007332C2 /* SwiftUI.framework */,
			);
			name = Frameworks;
			sourceTree = "<group>";
		};
/* End PBXGroup section */

/* Begin PBXNativeTarget section */
		FFA365132CFF1475007332C2 /* neo_polis_widget */ = {
			isa = PBXNativeTarget;
			buildConfigurationList = FFA365382CFF1477007332C2 /* Build configuration list for PBXNativeTarget "neo_polis_widget" */;
			buildPhases = (
				FFA365102CFF1475007332C2 /* Sources */,
				FFA365112CFF1475007332C2 /* Frameworks */,
				FFA365122CFF1475007332C2 /* Resources */,
				FFA365602CFF148E007332C2 /* Embed Foundation Extensions */,
			);
			buildRules = (
			);
			dependencies = (
			);
			fileSystemSynchronizedGroups = (
				FFA365162CFF1475007332C2 /* neo_polis_widget */,
			);
			name = neo_polis_widget;
			packageProductDependencies = (
			);
			productName = neo_polis_widget;
			productReference = FFA365142CFF1475007332C2 /* neo_polis_widget.app */;
			productType = "com.apple.product-type.application";
		};
		FFA365232CFF1477007332C2 /* neo_polis_widgetTests */ = {
			isa = PBXNativeTarget;
			buildConfigurationList = FFA3653B2CFF1477007332C2 /* Build configuration list for PBXNativeTarget "neo_polis_widgetTests" */;
			buildPhases = (
				FFA365202CFF1477007332C2 /* Sources */,
				FFA365212CFF1477007332C2 /* Frameworks */,
				FFA365222CFF1477007332C2 /* Resources */,
			);
			buildRules = (
			);
			dependencies = (
				FFA365262CFF1477007332C2 /* PBXTargetDependency */,
			);
			fileSystemSynchronizedGroups = (
				FFA365272CFF1477007332C2 /* neo_polis_widgetTests */,
			);
			name = neo_polis_widgetTests;
			packageProductDependencies = (
			);
			productName = neo_polis_widgetTests;
			productReference = FFA365242CFF1477007332C2 /* neo_polis_widgetTests.xctest */;
			productType = "com.apple.product-type.bundle.unit-test";
		};
		FFA3652D2CFF1477007332C2 /* neo_polis_widgetUITests */ = {
			isa = PBXNativeTarget;
			buildConfigurationList = FFA3653E2CFF1477007332C2 /* Build configuration list for PBXNativeTarget "neo_polis_widgetUITests" */;
			buildPhases = (
				FFA3652A2CFF1477007332C2 /* Sources */,
				FFA3652B2CFF1477007332C2 /* Frameworks */,
				FFA3652C2CFF1477007332C2 /* Resources */,
			);
			buildRules = (
			);
			dependencies = (
				FFA365302CFF1477007332C2 /* PBXTargetDependency */,
			);
			fileSystemSynchronizedGroups = (
				FFA365312CFF1477007332C2 /* neo_polis_widgetUITests */,
			);
			name = neo_polis_widgetUITests;
			packageProductDependencies = (
			);
			productName = neo_polis_widgetUITests;
			productReference = FFA3652E2CFF1477007332C2 /* neo_polis_widgetUITests.xctest */;
			productType = "com.apple.product-type.bundle.ui-testing";
		};
/* End PBXNativeTarget section */

/* Begin PBXProject section */
		FFA3650C2CFF1475007332C2 /* Project object */ = {
			isa = PBXProject;
			attributes = {
				BuildIndependentTargetsInParallel = 1;
				LastSwiftUpdateCheck = 1600;
				LastUpgradeCheck = 1600;
				TargetAttributes = {
					FFA365132CFF1475007332C2 = {
						CreatedOnToolsVersion = 16.0;
					};
					FFA365232CFF1477007332C2 = {
						CreatedOnToolsVersion = 16.0;
						TestTargetID = FFA365132CFF1475007332C2;
					};
					FFA3652D2CFF1477007332C2 = {
						CreatedOnToolsVersion = 16.0;
						TestTargetID = FFA365132CFF1475007332C2;
					};
				};
			};
			buildConfigurationList = FFA3650F2CFF1475007332C2 /* Build configuration list for PBXProject "neo_polis_widget" */;
			developmentRegion = en;
			hasScannedForEncodings = 0;
			knownRegions = (
				en,
				Base,
			);
			mainGroup = FFA3650B2CFF1475007332C2;
			minimizedProjectReferenceProxies = 1;
			preferredProjectObjectVersion = 77;
			productRefGroup = FFA365152CFF1475007332C2 /* Products */;
			projectDirPath = "";
			projectRoot = "";
			targets = (
				FFA365132CFF1475007332C2 /* neo_polis_widget */,
				FFA365232CFF1477007332C2 /* neo_polis_widgetTests */,
				FFA3652D2CFF1477007332C2 /* neo_polis_widgetUITests */,
			);
		};
/* End PBXProject section */

/* Begin PBXResourcesBuildPhase section */
		FFA365122CFF1475007332C2 /* Resources */ = {
			isa = PBXResourcesBuildPhase;
			buildActionMask = 2147483647;
			files = (
			);
			runOnlyForDeploymentPostprocessing = 0;
		};
		FFA365222CFF1477007332C2 /* Resources */ = {
			isa = PBXResourcesBuildPhase;
			buildActionMask = 2147483647;
			files = (
			);
			runOnlyForDeploymentPostprocessing = 0;
		};
		FFA3652C2CFF1477007332C2 /* Resources */ = {
			isa = PBXResourcesBuildPhase;
			buildActionMask = 2147483647;
			files = (
			);
			runOnlyForDeploymentPostprocessing = 0;
		};
/* End PBXResourcesBuildPhase section */

/* Begin PBXSourcesBuildPhase section */
		FFA365102CFF1475007332C2 /* Sources */ = {
			isa = PBXSourcesBuildPhase;
			buildActionMask = 2147483647;
			files = (
			);
			runOnlyForDeploymentPostprocessing = 0;
		};
		FFA365202CFF1477007332C2 /* Sources */ = {
			isa = PBXSourcesBuildPhase;
			buildActionMask = 2147483647;
			files = (
			);
			runOnlyForDeploymentPostprocessing = 0;
		};
		FFA3652A2CFF1477007332C2 /* Sources */ = {
			isa = PBXSourcesBuildPhase;
			buildActionMask = 2147483647;
			files = (
			);
			runOnlyForDeploymentPostprocessing = 0;
		};
/* End PBXSourcesBuildPhase section */

/* Begin PBXTargetDependency section */
		FFA365262CFF1477007332C2 /* PBXTargetDependency */ = {
			isa = PBXTargetDependency;
			target = FFA365132CFF1475007332C2 /* neo_polis_widget */;
			targetProxy = FFA365252CFF1477007332C2 /* PBXContainerItemProxy */;
		};
		FFA365302CFF1477007332C2 /* PBXTargetDependency */ = {
			isa = PBXTargetDependency;
			target = FFA365132CFF1475007332C2 /* neo_polis_widget */;
			targetProxy = FFA3652F2CFF1477007332C2 /* PBXContainerItemProxy */;
		};
/* End PBXTargetDependency section */

/* Begin XCBuildConfiguration section */
		FFA365362CFF1477007332C2 /* Debug */ = {
			isa = XCBuildConfiguration;
			buildSettings = {
				ALWAYS_SEARCH_USER_PATHS = NO;
				ASSETCATALOG_COMPILER_GENERATE_SWIFT_ASSET_SYMBOL_EXTENSIONS = YES;
				CLANG_ANALYZER_NONNULL = YES;
				CLANG_ANALYZER_NUMBER_OBJECT_CONVERSION = YES_AGGRESSIVE;
				CLANG_CXX_LANGUAGE_STANDARD = "gnu++20";
				CLANG_ENABLE_MODULES = YES;
				CLANG_ENABLE_OBJC_ARC = YES;
				CLANG_ENABLE_OBJC_WEAK = YES;
				CLANG_WARN_BLOCK_CAPTURE_AUTORELEASING = YES;
				CLANG_WARN_BOOL_CONVERSION = YES;
				CLANG_WARN_COMMA = YES;
				CLANG_WARN_CONSTANT_CONVERSION = YES;
				CLANG_WARN_DEPRECATED_OBJC_IMPLEMENTATIONS = YES;
				CLANG_WARN_DIRECT_OBJC_ISA_USAGE = YES_ERROR;
				CLANG_WARN_DOCUMENTATION_COMMENTS = YES;
				CLANG_WARN_EMPTY_BODY = YES;
				CLANG_WARN_ENUM_CONVERSION = YES;
				CLANG_WARN_INFINITE_RECURSION = YES;
				CLANG_WARN_INT_CONVERSION = YES;
				CLANG_WARN_NON_LITERAL_NULL_CONVERSION = YES;
				CLANG_WARN_OBJC_IMPLICIT_RETAIN_SELF = YES;
				CLANG_WARN_OBJC_LITERAL_CONVERSION = YES;
				CLANG_WARN_OBJC_ROOT_CLASS = YES_ERROR;
				CLANG_WARN_QUOTED_INCLUDE_IN_FRAMEWORK_HEADER = YES;
				CLANG_WARN_RANGE_LOOP_ANALYSIS = YES;
				CLANG_WARN_STRICT_PROTOTYPES = YES;
				CLANG_WARN_SUSPICIOUS_MOVE = YES;
				CLANG_WARN_UNGUARDED_AVAILABILITY = YES_AGGRESSIVE;
				CLANG_WARN_UNREACHABLE_CODE = YES;
				CLANG_WARN__DUPLICATE_METHOD_MATCH = YES;
				COPY_PHASE_STRIP = NO;
				DEBUG_INFORMATION_FORMAT = dwarf;
				ENABLE_STRICT_OBJC_MSGSEND = YES;
				ENABLE_TESTABILITY = YES;
				ENABLE_USER_SCRIPT_SANDBOXING = YES;
				GCC_C_LANGUAGE_STANDARD = gnu17;
				GCC_DYNAMIC_NO_PIC = NO;
				GCC_NO_COMMON_BLOCKS = YES;
				GCC_OPTIMIZATION_LEVEL = 0;
				GCC_PREPROCESSOR_DEFINITIONS = (
					"DEBUG=1",
					"$(inherited)",
				);
				GCC_WARN_64_TO_32_BIT_CONVERSION = YES;
				GCC_WARN_ABOUT_RETURN_TYPE = YES_ERROR;
				GCC_WARN_UNDECLARED_SELECTOR = YES;
				GCC_WARN_UNINITIALIZED_AUTOS = YES_AGGRESSIVE;
				GCC_WARN_UNUSED_FUNCTION = YES;
				GCC_WARN_UNUSED_VARIABLE = YES;
				IPHONEOS_DEPLOYMENT_TARGET = 18.0;
				LOCALIZATION_PREFERS_STRING_CATALOGS = YES;
				MTL_ENABLE_DEBUG_INFO = INCLUDE_SOURCE;
				MTL_FAST_MATH = YES;
				ONLY_ACTIVE_ARCH = YES;
				SDKROOT = iphoneos;
				SWIFT_ACTIVE_COMPILATION_CONDITIONS = "DEBUG $(inherited)";
				SWIFT_OPTIMIZATION_LEVEL = "-Onone";
			};
			name = Debug;
		};
		FFA365372CFF1477007332C2 /* Release */ = {
			isa = XCBuildConfiguration;
			buildSettings = {
				ALWAYS_SEARCH_USER_PATHS = NO;
				ASSETCATALOG_COMPILER_GENERATE_SWIFT_ASSET_SYMBOL_EXTENSIONS = YES;
				CLANG_ANALYZER_NONNULL = YES;
				CLANG_ANALYZER_NUMBER_OBJECT_CONVERSION = YES_AGGRESSIVE;
				CLANG_CXX_LANGUAGE_STANDARD = "gnu++20";
				CLANG_ENABLE_MODULES = YES;
				CLANG_ENABLE_OBJC_ARC = YES;
				CLANG_ENABLE_OBJC_WEAK = YES;
				CLANG_WARN_BLOCK_CAPTURE_AUTORELEASING = YES;
				CLANG_WARN_BOOL_CONVERSION = YES;
				CLANG_WARN_COMMA = YES;
				CLANG_WARN_CONSTANT_CONVERSION = YES;
				CLANG_WARN_DEPRECATED_OBJC_IMPLEMENTATIONS = YES;
				CLANG_WARN_DIRECT_OBJC_ISA_USAGE = YES_ERROR;
				CLANG_WARN_DOCUMENTATION_COMMENTS = YES;
				CLANG_WARN_EMPTY_BODY = YES;
				CLANG_WARN_ENUM_CONVERSION = YES;
				CLANG_WARN_INFINITE_RECURSION = YES;
				CLANG_WARN_INT_CONVERSION = YES;
				CLANG_WARN_NON_LITERAL_NULL_CONVERSION = YES;
				CLANG_WARN_OBJC_IMPLICIT_RETAIN_SELF = YES;
				CLANG_WARN_OBJC_LITERAL_CONVERSION = YES;
				CLANG_WARN_OBJC_ROOT_CLASS = YES_ERROR;
				CLANG_WARN_QUOTED_INCLUDE_IN_FRAMEWORK_HEADER = YES;
				CLANG_WARN_RANGE_LOOP_ANALYSIS = YES;
				CLANG_WARN_STRICT_PROTOTYPES = YES;
				CLANG_WARN_SUSPICIOUS_MOVE = YES;
				CLANG_WARN_UNGUARDED_AVAILABILITY = YES_AGGRESSIVE;
				CLANG_WARN_UNREACHABLE_CODE = YES;
				CLANG_WARN__DUPLICATE_METHOD_MATCH = YES;
				COPY_PHASE_STRIP = NO;
				DEBUG_INFORMATION_FORMAT = "dwarf-with-dsym";
				ENABLE_NS_ASSERTIONS = NO;
				ENABLE_STRICT_OBJC_MSGSEND = YES;
				ENABLE_USER_SCRIPT_SANDBOXING = YES;
				GCC_C_LANGUAGE_STANDARD = gnu17;
				GCC_NO_COMMON_BLOCKS = YES;
				GCC_WARN_64_TO_32_BIT_CONVERSION = YES;
				GCC_WARN_ABOUT_RETURN_TYPE = YES_ERROR;
				GCC_WARN_UNDECLARED_SELECTOR = YES;
				GCC_WARN_UNINITIALIZED_AUTOS = YES_AGGRESSIVE;
				GCC_WARN_UNUSED_FUNCTION = YES;
				GCC_WARN_UNUSED_VARIABLE = YES;
				IPHONEOS_DEPLOYMENT_TARGET = 18.0;
				LOCALIZATION_PREFERS_STRING_CATALOGS = YES;
				MTL_ENABLE_DEBUG_INFO = NO;
				MTL_FAST_MATH = YES;
				SDKROOT = iphoneos;
				SWIFT_COMPILATION_MODE = wholemodule;
				VALIDATE_PRODUCT = YES;
			};
			name = Release;
		};
		FFA365392CFF1477007332C2 /* Debug */ = {
			isa = XCBuildConfiguration;
			buildSettings = {
				ASSETCATALOG_COMPILER_APPICON_NAME = AppIcon;
				ASSETCATALOG_COMPILER_GLOBAL_ACCENT_COLOR_NAME = AccentColor;
				CODE_SIGN_STYLE = Automatic;
				CURRENT_PROJECT_VERSION = 1;
				DEVELOPMENT_ASSET_PATHS = "\"neo_polis_widget/Preview Content\"";
				DEVELOPMENT_TEAM = 398U4H4YW2;
				ENABLE_PREVIEWS = YES;
				GENERATE_INFOPLIST_FILE = YES;
				INFOPLIST_KEY_UIApplicationSceneManifest_Generation = YES;
				INFOPLIST_KEY_UIApplicationSupportsIndirectInputEvents = YES;
				INFOPLIST_KEY_UILaunchScreen_Generation = YES;
				INFOPLIST_KEY_UISupportedInterfaceOrientations_iPad = "UIInterfaceOrientationPortrait UIInterfaceOrientationPortraitUpsideDown UIInterfaceOrientationLandscapeLeft UIInterfaceOrientationLandscapeRight";
				INFOPLIST_KEY_UISupportedInterfaceOrientations_iPhone = "UIInterfaceOrientationPortrait UIInterfaceOrientationLandscapeLeft UIInterfaceOrientationLandscapeRight";
				LD_RUNPATH_SEARCH_PATHS = (
					"$(inherited)",
					"@executable_path/Frameworks",
				);
				MARKETING_VERSION = 1.0;
				PRODUCT_BUNDLE_IDENTIFIER = "uz.dasturchimobile.neo-polis-widget";
				PRODUCT_NAME = "$(TARGET_NAME)";
				SWIFT_EMIT_LOC_STRINGS = YES;
				SWIFT_VERSION = 5.0;
				TARGETED_DEVICE_FAMILY = "1,2";
			};
			name = Debug;
		};
		FFA3653A2CFF1477007332C2 /* Release */ = {
			isa = XCBuildConfiguration;
			buildSettings = {
				ASSETCATALOG_COMPILER_APPICON_NAME = AppIcon;
				ASSETCATALOG_COMPILER_GLOBAL_ACCENT_COLOR_NAME = AccentColor;
				CODE_SIGN_STYLE = Automatic;
				CURRENT_PROJECT_VERSION = 1;
				DEVELOPMENT_ASSET_PATHS = "\"neo_polis_widget/Preview Content\"";
				DEVELOPMENT_TEAM = 398U4H4YW2;
				ENABLE_PREVIEWS = YES;
				GENERATE_INFOPLIST_FILE = YES;
				INFOPLIST_KEY_UIApplicationSceneManifest_Generation = YES;
				INFOPLIST_KEY_UIApplicationSupportsIndirectInputEvents = YES;
				INFOPLIST_KEY_UILaunchScreen_Generation = YES;
				INFOPLIST_KEY_UISupportedInterfaceOrientations_iPad = "UIInterfaceOrientationPortrait UIInterfaceOrientationPortraitUpsideDown UIInterfaceOrientationLandscapeLeft UIInterfaceOrientationLandscapeRight";
				INFOPLIST_KEY_UISupportedInterfaceOrientations_iPhone = "UIInterfaceOrientationPortrait UIInterfaceOrientationLandscapeLeft UIInterfaceOrientationLandscapeRight";
				LD_RUNPATH_SEARCH_PATHS = (
					"$(inherited)",
					"@executable_path/Frameworks",
				);
				MARKETING_VERSION = 1.0;
				PRODUCT_BUNDLE_IDENTIFIER = "uz.dasturchimobile.neo-polis-widget";
				PRODUCT_NAME = "$(TARGET_NAME)";
				SWIFT_EMIT_LOC_STRINGS = YES;
				SWIFT_VERSION = 5.0;
				TARGETED_DEVICE_FAMILY = "1,2";
			};
			name = Release;
		};
		FFA3653C2CFF1477007332C2 /* Debug */ = {
			isa = XCBuildConfiguration;
			buildSettings = {
				BUNDLE_LOADER = "$(TEST_HOST)";
				CODE_SIGN_STYLE = Automatic;
				CURRENT_PROJECT_VERSION = 1;
				DEVELOPMENT_TEAM = 398U4H4YW2;
				GENERATE_INFOPLIST_FILE = YES;
				IPHONEOS_DEPLOYMENT_TARGET = 18.0;
				MARKETING_VERSION = 1.0;
				PRODUCT_BUNDLE_IDENTIFIER = "uz.dasturchimobile.neo-polis-widgetTests";
				PRODUCT_NAME = "$(TARGET_NAME)";
				SWIFT_EMIT_LOC_STRINGS = NO;
				SWIFT_VERSION = 5.0;
				TARGETED_DEVICE_FAMILY = "1,2";
				TEST_HOST = "$(BUILT_PRODUCTS_DIR)/neo_polis_widget.app/$(BUNDLE_EXECUTABLE_FOLDER_PATH)/neo_polis_widget";
			};
			name = Debug;
		};
		FFA3653D2CFF1477007332C2 /* Release */ = {
			isa = XCBuildConfiguration;
			buildSettings = {
				BUNDLE_LOADER = "$(TEST_HOST)";
				CODE_SIGN_STYLE = Automatic;
				CURRENT_PROJECT_VERSION = 1;
				DEVELOPMENT_TEAM = 398U4H4YW2;
				GENERATE_INFOPLIST_FILE = YES;
				IPHONEOS_DEPLOYMENT_TARGET = 18.0;
				MARKETING_VERSION = 1.0;
				PRODUCT_BUNDLE_IDENTIFIER = "uz.dasturchimobile.neo-polis-widgetTests";
				PRODUCT_NAME = "$(TARGET_NAME)";
				SWIFT_EMIT_LOC_STRINGS = NO;
				SWIFT_VERSION = 5.0;
				TARGETED_DEVICE_FAMILY = "1,2";
				TEST_HOST = "$(BUILT_PRODUCTS_DIR)/neo_polis_widget.app/$(BUNDLE_EXECUTABLE_FOLDER_PATH)/neo_polis_widget";
			};
			name = Release;
		};
		FFA3653F2CFF1477007332C2 /* Debug */ = {
			isa = XCBuildConfiguration;
			buildSettings = {
				CODE_SIGN_STYLE = Automatic;
				CURRENT_PROJECT_VERSION = 1;
				DEVELOPMENT_TEAM = 398U4H4YW2;
				GENERATE_INFOPLIST_FILE = YES;
				MARKETING_VERSION = 1.0;
				PRODUCT_BUNDLE_IDENTIFIER = "uz.dasturchimobile.neo-polis-widgetUITests";
				PRODUCT_NAME = "$(TARGET_NAME)";
				SWIFT_EMIT_LOC_STRINGS = NO;
				SWIFT_VERSION = 5.0;
				TARGETED_DEVICE_FAMILY = "1,2";
				TEST_TARGET_NAME = neo_polis_widget;
			};
			name = Debug;
		};
		FFA365402CFF1477007332C2 /* Release */ = {
			isa = XCBuildConfiguration;
			buildSettings = {
				CODE_SIGN_STYLE = Automatic;
				CURRENT_PROJECT_VERSION = 1;
				DEVELOPMENT_TEAM = 398U4H4YW2;
				GENERATE_INFOPLIST_FILE = YES;
				MARKETING_VERSION = 1.0;
				PRODUCT_BUNDLE_IDENTIFIER = "uz.dasturchimobile.neo-polis-widgetUITests";
				PRODUCT_NAME = "$(TARGET_NAME)";
				SWIFT_EMIT_LOC_STRINGS = NO;
				SWIFT_VERSION = 5.0;
				TARGETED_DEVICE_FAMILY = "1,2";
				TEST_TARGET_NAME = neo_polis_widget;
			};
			name = Release;
		};
/* End XCBuildConfiguration section */

/* Begin XCConfigurationList section */
		FFA3650F2CFF1475007332C2 /* Build configuration list for PBXProject "neo_polis_widget" */ = {
			isa = XCConfigurationList;
			buildConfigurations = (
				FFA365362CFF1477007332C2 /* Debug */,
				FFA365372CFF1477007332C2 /* Release */,
			);
			defaultConfigurationIsVisible = 0;
			defaultConfigurationName = Release;
		};
		FFA365382CFF1477007332C2 /* Build configuration list for PBXNativeTarget "neo_polis_widget" */ = {
			isa = XCConfigurationList;
			buildConfigurations = (
				FFA365392CFF1477007332C2 /* Debug */,
				FFA3653A2CFF1477007332C2 /* Release */,
			);
			defaultConfigurationIsVisible = 0;
			defaultConfigurationName = Release;
		};
		FFA3653B2CFF1477007332C2 /* Build configuration list for PBXNativeTarget "neo_polis_widgetTests" */ = {
			isa = XCConfigurationList;
			buildConfigurations = (
				FFA3653C2CFF1477007332C2 /* Debug */,
				FFA3653D2CFF1477007332C2 /* Release */,
			);
			defaultConfigurationIsVisible = 0;
			defaultConfigurationName = Release;
		};
		FFA3653E2CFF1477007332C2 /* Build configuration list for PBXNativeTarget "neo_polis_widgetUITests" */ = {
			isa = XCConfigurationList;
			buildConfigurations = (
				FFA3653F2CFF1477007332C2 /* Debug */,
				FFA365402CFF1477007332C2 /* Release */,
			);
			defaultConfigurationIsVisible = 0;
			defaultConfigurationName = Release;
		};
/* End XCConfigurationList section */
	};
	rootObject = FFA3650C2CFF1475007332C2 /* Project object */;
}
